
Microsoft Visual Studio Solution File, Format Version 12.00
# Visual Studio Version 16
VisualStudioVersion = 16.0.31605.320
MinimumVisualStudioVersion = 10.0.40219.1
Project("{FAE04EC0-301F-11D3-BF4B-00C04F79EFBC}") = "Exam", "Exam\Exam.csproj", "{EAF3A63E-EFD3-4C22-AE3F-67D5A0D50864}"
EndProject
Global
	GlobalSection(SolutionConfigurationPlatforms) = preSolution
		Debug|Any CPU = Debug|Any CPU
		Release|Any CPU = Release|Any CPU
	EndGlobalSection
	GlobalSection(ProjectConfigurationPlatforms) = postSolution
		{EAF3A63E-EFD3-4C22-AE3F-67D5A0D50864}.Debug|Any CPU.ActiveCfg = Debug|Any CPU
		{EAF3A63E-EFD3-4C22-AE3F-67D5A0D50864}.Debug|Any CPU.Build.0 = Debug|Any CPU
		{EAF3A63E-EFD3-4C22-AE3F-67D5A0D50864}.Release|Any CPU.ActiveCfg = Release|Any CPU
		{EAF3A63E-EFD3-4C22-AE3F-67D5A0D50864}.Release|Any CPU.Build.0 = Release|Any CPU
	EndGlobalSection
	GlobalSection(SolutionProperties) = preSolution
		HideSolutionNode = FALSE
	EndGlobalSection
	GlobalSection(ExtensibilityGlobals) = postSolution
		SolutionGuid = {30B86C6D-2D3B-48A6-B027-758FFFEDCBC8}
	EndGlobalSection
EndGlobal
